
Microsoft Visual Studio Solution File, Format Version 12.00
# Visual Studio Version 17
VisualStudioVersion = 17.7.34024.191
MinimumVisualStudioVersion = 10.0.40219.1
Project("{8BC9CEB8-8B4A-11D0-8D11-00A0C91BC942}") = "WinAPI", "WinAPI\WinAPI.vcxproj", "{1BEA26C6-DD66-42CD-9736-8DAEA341096A}"
EndProject
Project("{8BC9CEB8-8B4A-11D0-8D11-00A0C91BC942}") = "ComboBox", "ComboBox\ComboBox.vcxproj", "{271EEE6E-C449-4A57-96F0-FECE990D93E3}"
EndProject
Project("{8BC9CEB8-8B4A-11D0-8D11-00A0C91BC942}") = "ListBox", "ListBox\ListBox.vcxproj", "{78172172-172A-4331-BCE0-BED1175B8A2F}"
EndProject
Project("{8BC9CEB8-8B4A-11D0-8D11-00A0C91BC942}") = "MainWindows", "MainWindows\MainWindows.vcxproj", "{3E116DEE-C8CA-4FD8-A103-2F88A24E8953}"
EndProject
Project("{8BC9CEB8-8B4A-11D0-8D11-00A0C91BC942}") = "Calc", "Calc\Calc.vcxproj", "{D22493CD-F642-42A2-9A7F-1137D2A165B1}"
EndProject
Project("{8BC9CEB8-8B4A-11D0-8D11-00A0C91BC942}") = "TextEditor", "TextEditor\TextEditor.vcxproj", "{89C7B487-FA50-4A58-8EE9-5B87ACBAE090}"
EndProject
Global
	GlobalSection(SolutionConfigurationPlatforms) = preSolution
		Debug|x64 = Debug|x64
		Debug|x86 = Debug|x86
		Release|x64 = Release|x64
		Release|x86 = Release|x86
	EndGlobalSection
	GlobalSection(ProjectConfigurationPlatforms) = postSolution
		{1BEA26C6-DD66-42CD-9736-8DAEA341096A}.Debug|x64.ActiveCfg = Debug|x64
		{1BEA26C6-DD66-42CD-9736-8DAEA341096A}.Debug|x64.Build.0 = Debug|x64
		{1BEA26C6-DD66-42CD-9736-8DAEA341096A}.Debug|x86.ActiveCfg = Debug|Win32
		{1BEA26C6-DD66-42CD-9736-8DAEA341096A}.Debug|x86.Build.0 = Debug|Win32
		{1BEA26C6-DD66-42CD-9736-8DAEA341096A}.Release|x64.ActiveCfg = Release|x64
		{1BEA26C6-DD66-42CD-9736-8DAEA341096A}.Release|x64.Build.0 = Release|x64
		{1BEA26C6-DD66-42CD-9736-8DAEA341096A}.Release|x86.ActiveCfg = Release|Win32
		{1BEA26C6-DD66-42CD-9736-8DAEA341096A}.Release|x86.Build.0 = Release|Win32
		{271EEE6E-C449-4A57-96F0-FECE990D93E3}.Debug|x64.ActiveCfg = Debug|x64
		{271EEE6E-C449-4A57-96F0-FECE990D93E3}.Debug|x64.Build.0 = Debug|x64
		{271EEE6E-C449-4A57-96F0-FECE990D93E3}.Debug|x86.ActiveCfg = Debug|Win32
		{271EEE6E-C449-4A57-96F0-FECE990D93E3}.Debug|x86.Build.0 = Debug|Win32
		{271EEE6E-C449-4A57-96F0-FECE990D93E3}.Release|x64.ActiveCfg = Release|x64
		{271EEE6E-C449-4A57-96F0-FECE990D93E3}.Release|x64.Build.0 = Release|x64
		{271EEE6E-C449-4A57-96F0-FECE990D93E3}.Release|x86.ActiveCfg = Release|Win32
		{271EEE6E-C449-4A57-96F0-FECE990D93E3}.Release|x86.Build.0 = Release|Win32
		{78172172-172A-4331-BCE0-BED1175B8A2F}.Debug|x64.ActiveCfg = Debug|x64
		{78172172-172A-4331-BCE0-BED1175B8A2F}.Debug|x64.Build.0 = Debug|x64
		{78172172-172A-4331-BCE0-BED1175B8A2F}.Debug|x86.ActiveCfg = Debug|Win32
		{78172172-172A-4331-BCE0-BED1175B8A2F}.Debug|x86.Build.0 = Debug|Win32
		{78172172-172A-4331-BCE0-BED1175B8A2F}.Release|x64.ActiveCfg = Release|x64
		{78172172-172A-4331-BCE0-BED1175B8A2F}.Release|x64.Build.0 = Release|x64
		{78172172-172A-4331-BCE0-BED1175B8A2F}.Release|x86.ActiveCfg = Release|Win32
		{78172172-172A-4331-BCE0-BED1175B8A2F}.Release|x86.Build.0 = Release|Win32
		{3E116DEE-C8CA-4FD8-A103-2F88A24E8953}.Debug|x64.ActiveCfg = Debug|x64
		{3E116DEE-C8CA-4FD8-A103-2F88A24E8953}.Debug|x64.Build.0 = Debug|x64
		{3E116DEE-C8CA-4FD8-A103-2F88A24E8953}.Debug|x86.ActiveCfg = Debug|Win32
		{3E116DEE-C8CA-4FD8-A103-2F88A24E8953}.Debug|x86.Build.0 = Debug|Win32
		{3E116DEE-C8CA-4FD8-A103-2F88A24E8953}.Release|x64.ActiveCfg = Release|x64
		{3E116DEE-C8CA-4FD8-A103-2F88A24E8953}.Release|x64.Build.0 = Release|x64
		{3E116DEE-C8CA-4FD8-A103-2F88A24E8953}.Release|x86.ActiveCfg = Release|Win32
		{3E116DEE-C8CA-4FD8-A103-2F88A24E8953}.Release|x86.Build.0 = Release|Win32
		{D22493CD-F642-42A2-9A7F-1137D2A165B1}.Debug|x64.ActiveCfg = Debug|x64
		{D22493CD-F642-42A2-9A7F-1137D2A165B1}.Debug|x64.Build.0 = Debug|x64
		{D22493CD-F642-42A2-9A7F-1137D2A165B1}.Debug|x86.ActiveCfg = Debug|Win32
		{D22493CD-F642-42A2-9A7F-1137D2A165B1}.Debug|x86.Build.0 = Debug|Win32
		{D22493CD-F642-42A2-9A7F-1137D2A165B1}.Release|x64.ActiveCfg = Release|x64
		{D22493CD-F642-42A2-9A7F-1137D2A165B1}.Release|x64.Build.0 = Release|x64
		{D22493CD-F642-42A2-9A7F-1137D2A165B1}.Release|x86.ActiveCfg = Release|Win32
		{D22493CD-F642-42A2-9A7F-1137D2A165B1}.Release|x86.Build.0 = Release|Win32
		{89C7B487-FA50-4A58-8EE9-5B87ACBAE090}.Debug|x64.ActiveCfg = Debug|x64
		{89C7B487-FA50-4A58-8EE9-5B87ACBAE090}.Debug|x64.Build.0 = Debug|x64
		{89C7B487-FA50-4A58-8EE9-5B87ACBAE090}.Debug|x86.ActiveCfg = Debug|Win32
		{89C7B487-FA50-4A58-8EE9-5B87ACBAE090}.Debug|x86.Build.0 = Debug|Win32
		{89C7B487-FA50-4A58-8EE9-5B87ACBAE090}.Release|x64.ActiveCfg = Release|x64
		{89C7B487-FA50-4A58-8EE9-5B87ACBAE090}.Release|x64.Build.0 = Release|x64
		{89C7B487-FA50-4A58-8EE9-5B87ACBAE090}.Release|x86.ActiveCfg = Release|Win32
		{89C7B487-FA50-4A58-8EE9-5B87ACBAE090}.Release|x86.Build.0 = Release|Win32
	EndGlobalSection
	GlobalSection(SolutionProperties) = preSolution
		HideSolutionNode = FALSE
	EndGlobalSection
	GlobalSection(ExtensibilityGlobals) = postSolution
		SolutionGuid = {14C3F4AE-5A52-4C4C-ACE0-D7247918C86A}
	EndGlobalSection
EndGlobal
